// !$*UTF8*$!
{
	archiveVersion = 1;
	classes = {
	};
	objectVersion = 48;
	objects = {

/* Begin PBXBuildFile section */
		3F779ABE205157F90067B27C /* RestaurantDetailViewController.swift in Sources */ = {isa = PBXBuildFile; fileRef = 3F779ABD205157F90067B27C /* RestaurantDetailViewController.swift */; };
		3F779AC020518A0A0067B27C /* Restaurant.swift in Sources */ = {isa = PBXBuildFile; fileRef = 3F779ABF20518A0A0067B27C /* Restaurant.swift */; };
		3F779AFE2054DE9F0067B27C /* RestaurantDetailTableViewCell.swift in Sources */ = {isa = PBXBuildFile; fileRef = 3F779AFD2054DE9F0067B27C /* RestaurantDetailTableViewCell.swift */; };
		3F779B00205576830067B27C /* ReviewViewController.swift in Sources */ = {isa = PBXBuildFile; fileRef = 3F779AFF205576830067B27C /* ReviewViewController.swift */; };
		3F779B672062B3580067B27C /* MapKit.framework in Frameworks */ = {isa = PBXBuildFile; fileRef = 3F779B662062B3580067B27C /* MapKit.framework */; };
		3F779B6920636D6D0067B27C /* MapViewController.swift in Sources */ = {isa = PBXBuildFile; fileRef = 3F779B6820636D6D0067B27C /* MapViewController.swift */; };
		3F9640D5204A5780005DBCE9 /* AppDelegate.swift in Sources */ = {isa = PBXBuildFile; fileRef = 3F9640D4204A5780005DBCE9 /* AppDelegate.swift */; };
		3F9640DA204A5780005DBCE9 /* Main.storyboard in Resources */ = {isa = PBXBuildFile; fileRef = 3F9640D8204A5780005DBCE9 /* Main.storyboard */; };
		3F9640DC204A5780005DBCE9 /* Assets.xcassets in Resources */ = {isa = PBXBuildFile; fileRef = 3F9640DB204A5780005DBCE9 /* Assets.xcassets */; };
		3F9640DF204A5780005DBCE9 /* LaunchScreen.storyboard in Resources */ = {isa = PBXBuildFile; fileRef = 3F9640DD204A5780005DBCE9 /* LaunchScreen.storyboard */; };
		3F9640E7204A5836005DBCE9 /* RestaurantTableViewController.swift in Sources */ = {isa = PBXBuildFile; fileRef = 3F9640E6204A5836005DBCE9 /* RestaurantTableViewController.swift */; };
		3F9640E9204A6127005DBCE9 /* RestaurantTableViewCell.swift in Sources */ = {isa = PBXBuildFile; fileRef = 3F9640E8204A6127005DBCE9 /* RestaurantTableViewCell.swift */; };
		3FFFFF322065E7BA00DDB9E3 /* AddRestaurantController.swift in Sources */ = {isa = PBXBuildFile; fileRef = 3FFFFF312065E7BA00DDB9E3 /* AddRestaurantController.swift */; };
		3FFFFF3A20677CF400DDB9E3 /* WalkthroughContentViewController.swift in Sources */ = {isa = PBXBuildFile; fileRef = 3FFFFF3920677CF400DDB9E3 /* WalkthroughContentViewController.swift */; };
		3FFFFF3C20677F5E00DDB9E3 /* WalkthroughPageViewController.swift in Sources */ = {isa = PBXBuildFile; fileRef = 3FFFFF3B20677F5E00DDB9E3 /* WalkthroughPageViewController.swift */; };
		3FFFFF48206944D400DDB9E3 /* about.storyboard in Resources */ = {isa = PBXBuildFile; fileRef = 3FFFFF46206944D400DDB9E3 /* about.storyboard */; };
		3FFFFF4B2069450000DDB9E3 /* discover.storyboard in Resources */ = {isa = PBXBuildFile; fileRef = 3FFFFF492069450000DDB9E3 /* discover.storyboard */; };
		3FFFFF4D206945E500DDB9E3 /* AboutTableViewController.swift in Sources */ = {isa = PBXBuildFile; fileRef = 3FFFFF4C206945E500DDB9E3 /* AboutTableViewController.swift */; };
		3FFFFF4F206A7D7C00DDB9E3 /* WebViewController.swift in Sources */ = {isa = PBXBuildFile; fileRef = 3FFFFF4E206A7D7C00DDB9E3 /* WebViewController.swift */; };
		3FFFFF6F206BF65100DDB9E3 /* DiscoverTableViewController.swift in Sources */ = {isa = PBXBuildFile; fileRef = 3FFFFF6E206BF65100DDB9E3 /* DiscoverTableViewController.swift */; };
		3FFFFF73206D2E8300DDB9E3 /* Localizable.strings in Resources */ = {isa = PBXBuildFile; fileRef = 3FFFFF75206D2E8300DDB9E3 /* Localizable.strings */; };
		3FFFFF78206D2E8400DDB9E3 /* InfoPlist.strings in Resources */ = {isa = PBXBuildFile; fileRef = 3FFFFF7A206D2E8400DDB9E3 /* InfoPlist.strings */; };
		3FFFFF81206D313500DDB9E3 /* aboutfoodpin.png in Resources */ = {isa = PBXBuildFile; fileRef = 3FFFFF83206D313500DDB9E3 /* aboutfoodpin.png */; };
/* End PBXBuildFile section */

/* Begin PBXFileReference section */
		3F779ABD205157F90067B27C /* RestaurantDetailViewController.swift */ = {isa = PBXFileReference; lastKnownFileType = sourcecode.swift; path = RestaurantDetailViewController.swift; sourceTree = "<group>"; };
		3F779ABF20518A0A0067B27C /* Restaurant.swift */ = {isa = PBXFileReference; lastKnownFileType = sourcecode.swift; path = Restaurant.swift; sourceTree = "<group>"; };
		3F779AFD2054DE9F0067B27C /* RestaurantDetailTableViewCell.swift */ = {isa = PBXFileReference; lastKnownFileType = sourcecode.swift; path = RestaurantDetailTableViewCell.swift; sourceTree = "<group>"; };
		3F779AFF205576830067B27C /* ReviewViewController.swift */ = {isa = PBXFileReference; lastKnownFileType = sourcecode.swift; path = ReviewViewController.swift; sourceTree = "<group>"; };
		3F779B662062B3580067B27C /* MapKit.framework */ = {isa = PBXFileReference; lastKnownFileType = wrapper.framework; name = MapKit.framework; path = System/Library/Frameworks/MapKit.framework; sourceTree = SDKROOT; };
		3F779B6820636D6D0067B27C /* MapViewController.swift */ = {isa = PBXFileReference; lastKnownFileType = sourcecode.swift; path = MapViewController.swift; sourceTree = "<group>"; };
		3F9640D1204A5780005DBCE9 /* FoodPin.app */ = {isa = PBXFileReference; explicitFileType = wrapper.application; includeInIndex = 0; path = FoodPin.app; sourceTree = BUILT_PRODUCTS_DIR; };
		3F9640D4204A5780005DBCE9 /* AppDelegate.swift */ = {isa = PBXFileReference; lastKnownFileType = sourcecode.swift; path = AppDelegate.swift; sourceTree = "<group>"; };
		3F9640D9204A5780005DBCE9 /* Base */ = {isa = PBXFileReference; lastKnownFileType = file.storyboard; name = Base; path = Base.lproj/Main.storyboard; sourceTree = "<group>"; };
		3F9640DB204A5780005DBCE9 /* Assets.xcassets */ = {isa = PBXFileReference; lastKnownFileType = folder.assetcatalog; path = Assets.xcassets; sourceTree = "<group>"; };
		3F9640DE204A5780005DBCE9 /* Base */ = {isa = PBXFileReference; lastKnownFileType = file.storyboard; name = Base; path = Base.lproj/LaunchScreen.storyboard; sourceTree = "<group>"; };
		3F9640E0204A5780005DBCE9 /* Info.plist */ = {isa = PBXFileReference; lastKnownFileType = text.plist.xml; path = Info.plist; sourceTree = "<group>"; };
		3F9640E6204A5836005DBCE9 /* RestaurantTableViewController.swift */ = {isa = PBXFileReference; lastKnownFileType = sourcecode.swift; path = RestaurantTableViewController.swift; sourceTree = "<group>"; };
		3F9640E8204A6127005DBCE9 /* RestaurantTableViewCell.swift */ = {isa = PBXFileReference; lastKnownFileType = sourcecode.swift; path = RestaurantTableViewCell.swift; sourceTree = "<group>"; };
		3FFFFF312065E7BA00DDB9E3 /* AddRestaurantController.swift */ = {isa = PBXFileReference; lastKnownFileType = sourcecode.swift; path = AddRestaurantController.swift; sourceTree = "<group>"; };
		3FFFFF3920677CF400DDB9E3 /* WalkthroughContentViewController.swift */ = {isa = PBXFileReference; lastKnownFileType = sourcecode.swift; path = WalkthroughContentViewController.swift; sourceTree = "<group>"; };
		3FFFFF3B20677F5E00DDB9E3 /* WalkthroughPageViewController.swift */ = {isa = PBXFileReference; lastKnownFileType = sourcecode.swift; path = WalkthroughPageViewController.swift; sourceTree = "<group>"; };
		3FFFFF47206944D400DDB9E3 /* Base */ = {isa = PBXFileReference; lastKnownFileType = file.storyboard; name = Base; path = Base.lproj/about.storyboard; sourceTree = "<group>"; };
		3FFFFF4A2069450000DDB9E3 /* Base */ = {isa = PBXFileReference; lastKnownFileType = file.storyboard; name = Base; path = Base.lproj/discover.storyboard; sourceTree = "<group>"; };
		3FFFFF4C206945E500DDB9E3 /* AboutTableViewController.swift */ = {isa = PBXFileReference; lastKnownFileType = sourcecode.swift; path = AboutTableViewController.swift; sourceTree = "<group>"; };
		3FFFFF4E206A7D7C00DDB9E3 /* WebViewController.swift */ = {isa = PBXFileReference; lastKnownFileType = sourcecode.swift; path = WebViewController.swift; sourceTree = "<group>"; };
		3FFFFF6E206BF65100DDB9E3 /* DiscoverTableViewController.swift */ = {isa = PBXFileReference; lastKnownFileType = sourcecode.swift; path = DiscoverTableViewController.swift; sourceTree = "<group>"; };
		3FFFFF70206D2E8200DDB9E3 /* zh-Hant */ = {isa = PBXFileReference; lastKnownFileType = text.plist.strings; name = "zh-Hant"; path = "zh-Hant.lproj/LaunchScreen.strings"; sourceTree = "<group>"; };
		3FFFFF74206D2E8300DDB9E3 /* zh-Hant */ = {isa = PBXFileReference; lastKnownFileType = text.plist.strings; name = "zh-Hant"; path = "zh-Hant.lproj/Localizable.strings"; sourceTree = "<group>"; };
		3FFFFF79206D2E8400DDB9E3 /* zh-Hant */ = {isa = PBXFileReference; lastKnownFileType = text.plist.strings; name = "zh-Hant"; path = "zh-Hant.lproj/InfoPlist.strings"; sourceTree = "<group>"; };
		3FFFFF7B206D2E8400DDB9E3 /* zh-Hant */ = {isa = PBXFileReference; lastKnownFileType = text.plist.strings; name = "zh-Hant"; path = "zh-Hant.lproj/Main.strings"; sourceTree = "<group>"; };
		3FFFFF7C206D2E8500DDB9E3 /* zh-Hant */ = {isa = PBXFileReference; lastKnownFileType = text.plist.strings; name = "zh-Hant"; path = "zh-Hant.lproj/discover.strings"; sourceTree = "<group>"; };
		3FFFFF7D206D2E8500DDB9E3 /* zh-Hant */ = {isa = PBXFileReference; lastKnownFileType = text.plist.strings; name = "zh-Hant"; path = "zh-Hant.lproj/about.strings"; sourceTree = "<group>"; };
		3FFFFF82206D313500DDB9E3 /* Base */ = {isa = PBXFileReference; lastKnownFileType = image.png; name = Base; path = Base.lproj/aboutfoodpin.png; sourceTree = "<group>"; };
		3FFFFF84206D315600DDB9E3 /* zh-Hant */ = {isa = PBXFileReference; lastKnownFileType = image.png; name = "zh-Hant"; path = "zh-Hant.lproj/aboutfoodpin.png"; sourceTree = "<group>"; };
/* End PBXFileReference section */

/* Begin PBXFrameworksBuildPhase section */
		3F9640CE204A5780005DBCE9 /* Frameworks */ = {
			isa = PBXFrameworksBuildPhase;
			buildActionMask = 2147483647;
			files = (
				3F779B672062B3580067B27C /* MapKit.framework in Frameworks */,
			);
			runOnlyForDeploymentPostprocessing = 0;
		};
/* End PBXFrameworksBuildPhase section */

/* Begin PBXGroup section */
		3F779B652062B3580067B27C /* Frameworks */ = {
			isa = PBXGroup;
			children = (
				3F779B662062B3580067B27C /* MapKit.framework */,
			);
			name = Frameworks;
			sourceTree = "<group>";
		};
		3F9640C8204A5780005DBCE9 = {
			isa = PBXGroup;
			children = (
				3F9640D3204A5780005DBCE9 /* FoodPin */,
				3F9640D2204A5780005DBCE9 /* Products */,
				3F779B652062B3580067B27C /* Frameworks */,
			);
			sourceTree = "<group>";
		};
		3F9640D2204A5780005DBCE9 /* Products */ = {
			isa = PBXGroup;
			children = (
				3F9640D1204A5780005DBCE9 /* FoodPin.app */,
			);
			name = Products;
			sourceTree = "<group>";
		};
		3F9640D3204A5780005DBCE9 /* FoodPin */ = {
			isa = PBXGroup;
			children = (
				3FFFFF7E206D30C600DDB9E3 /* images */,
				3FFFFF7A206D2E8400DDB9E3 /* InfoPlist.strings */,
				3FFFFF75206D2E8300DDB9E3 /* Localizable.strings */,
				3FFFFF492069450000DDB9E3 /* discover.storyboard */,
				3FFFFF46206944D400DDB9E3 /* about.storyboard */,
				3F9640D8204A5780005DBCE9 /* Main.storyboard */,
				3F9640DB204A5780005DBCE9 /* Assets.xcassets */,
				3F9640DD204A5780005DBCE9 /* LaunchScreen.storyboard */,
				3F9640E0204A5780005DBCE9 /* Info.plist */,
				3F9640D4204A5780005DBCE9 /* AppDelegate.swift */,
				3F9640E6204A5836005DBCE9 /* RestaurantTableViewController.swift */,
				3F9640E8204A6127005DBCE9 /* RestaurantTableViewCell.swift */,
				3F779ABD205157F90067B27C /* RestaurantDetailViewController.swift */,
				3F779ABF20518A0A0067B27C /* Restaurant.swift */,
				3F779AFD2054DE9F0067B27C /* RestaurantDetailTableViewCell.swift */,
				3F779AFF205576830067B27C /* ReviewViewController.swift */,
				3F779B6820636D6D0067B27C /* MapViewController.swift */,
				3FFFFF312065E7BA00DDB9E3 /* AddRestaurantController.swift */,
				3FFFFF3920677CF400DDB9E3 /* WalkthroughContentViewController.swift */,
				3FFFFF3B20677F5E00DDB9E3 /* WalkthroughPageViewController.swift */,
				3FFFFF4C206945E500DDB9E3 /* AboutTableViewController.swift */,
				3FFFFF4E206A7D7C00DDB9E3 /* WebViewController.swift */,
				3FFFFF6E206BF65100DDB9E3 /* DiscoverTableViewController.swift */,
			);
			path = FoodPin;
			sourceTree = "<group>";
		};
		3FFFFF7E206D30C600DDB9E3 /* images */ = {
			isa = PBXGroup;
			children = (
				3FFFFF83206D313500DDB9E3 /* aboutfoodpin.png */,
			);
			path = images;
			sourceTree = "<group>";
		};
/* End PBXGroup section */

/* Begin PBXNativeTarget section */
		3F9640D0204A5780005DBCE9 /* FoodPin */ = {
			isa = PBXNativeTarget;
			buildConfigurationList = 3F9640E3204A5780005DBCE9 /* Build configuration list for PBXNativeTarget "FoodPin" */;
			buildPhases = (
				3F9640CD204A5780005DBCE9 /* Sources */,
				3F9640CE204A5780005DBCE9 /* Frameworks */,
				3F9640CF204A5780005DBCE9 /* Resources */,
			);
			buildRules = (
			);
			dependencies = (
			);
			name = FoodPin;
			productName = FoodPin;
			productReference = 3F9640D1204A5780005DBCE9 /* FoodPin.app */;
			productType = "com.apple.product-type.application";
		};
/* End PBXNativeTarget section */

/* Begin PBXProject section */
		3F9640C9204A5780005DBCE9 /* Project object */ = {
			isa = PBXProject;
			attributes = {
				LastSwiftUpdateCheck = 0920;
				LastUpgradeCheck = 0920;
				ORGANIZATIONNAME = "軟實力工作室";
				TargetAttributes = {
					3F9640D0204A5780005DBCE9 = {
						CreatedOnToolsVersion = 9.2;
						ProvisioningStyle = Automatic;
						SystemCapabilities = {
							com.apple.BackgroundModes = {
								enabled = 0;
							};
							com.apple.Maps.iOS = {
								enabled = 1;
							};
						};
					};
				};
			};
			buildConfigurationList = 3F9640CC204A5780005DBCE9 /* Build configuration list for PBXProject "FoodPin" */;
			compatibilityVersion = "Xcode 8.0";
			developmentRegion = en;
			hasScannedForEncodings = 0;
			knownRegions = (
				en,
				Base,
				"zh-Hant",
			);
			mainGroup = 3F9640C8204A5780005DBCE9;
			productRefGroup = 3F9640D2204A5780005DBCE9 /* Products */;
			projectDirPath = "";
			projectRoot = "";
			targets = (
				3F9640D0204A5780005DBCE9 /* FoodPin */,
			);
		};
/* End PBXProject section */

/* Begin PBXResourcesBuildPhase section */
		3F9640CF204A5780005DBCE9 /* Resources */ = {
			isa = PBXResourcesBuildPhase;
			buildActionMask = 2147483647;
			files = (
				3F9640DF204A5780005DBCE9 /* LaunchScreen.storyboard in Resources */,
				3FFFFF78206D2E8400DDB9E3 /* InfoPlist.strings in Resources */,
				3FFFFF73206D2E8300DDB9E3 /* Localizable.strings in Resources */,
				3F9640DC204A5780005DBCE9 /* Assets.xcassets in Resources */,
				3FFFFF4B2069450000DDB9E3 /* discover.storyboard in Resources */,
				3FFFFF81206D313500DDB9E3 /* aboutfoodpin.png in Resources */,
				3FFFFF48206944D400DDB9E3 /* about.storyboard in Resources */,
				3F9640DA204A5780005DBCE9 /* Main.storyboard in Resources */,
			);
			runOnlyForDeploymentPostprocessing = 0;
		};
/* End PBXResourcesBuildPhase section */

/* Begin PBXSourcesBuildPhase section */
		3F9640CD204A5780005DBCE9 /* Sources */ = {
			isa = PBXSourcesBuildPhase;
			buildActionMask = 2147483647;
			files = (
				3FFFFF6F206BF65100DDB9E3 /* DiscoverTableViewController.swift in Sources */,
				3FFFFF322065E7BA00DDB9E3 /* AddRestaurantController.swift in Sources */,
				3F779AC020518A0A0067B27C /* Restaurant.swift in Sources */,
				3F9640E7204A5836005DBCE9 /* RestaurantTableViewController.swift in Sources */,
				3FFFFF3A20677CF400DDB9E3 /* WalkthroughContentViewController.swift in Sources */,
				3FFFFF3C20677F5E00DDB9E3 /* WalkthroughPageViewController.swift in Sources */,
				3F779B00205576830067B27C /* ReviewViewController.swift in Sources */,
				3F9640E9204A6127005DBCE9 /* RestaurantTableViewCell.swift in Sources */,
				3F779AFE2054DE9F0067B27C /* RestaurantDetailTableViewCell.swift in Sources */,
				3F779ABE205157F90067B27C /* RestaurantDetailViewController.swift in Sources */,
				3F9640D5204A5780005DBCE9 /* AppDelegate.swift in Sources */,
				3F779B6920636D6D0067B27C /* MapViewController.swift in Sources */,
				3FFFFF4F206A7D7C00DDB9E3 /* WebViewController.swift in Sources */,
				3FFFFF4D206945E500DDB9E3 /* AboutTableViewController.swift in Sources */,
			);
			runOnlyForDeploymentPostprocessing = 0;
		};
/* End PBXSourcesBuildPhase section */

/* Begin PBXVariantGroup section */
		3F9640D8204A5780005DBCE9 /* Main.storyboard */ = {
			isa = PBXVariantGroup;
			children = (
				3F9640D9204A5780005DBCE9 /* Base */,
				3FFFFF7B206D2E8400DDB9E3 /* zh-Hant */,
			);
			name = Main.storyboard;
			sourceTree = "<group>";
		};
		3F9640DD204A5780005DBCE9 /* LaunchScreen.storyboard */ = {
			isa = PBXVariantGroup;
			children = (
				3F9640DE204A5780005DBCE9 /* Base */,
				3FFFFF70206D2E8200DDB9E3 /* zh-Hant */,
			);
			name = LaunchScreen.storyboard;
			sourceTree = "<group>";
		};
		3FFFFF46206944D400DDB9E3 /* about.storyboard */ = {
			isa = PBXVariantGroup;
			children = (
				3FFFFF47206944D400DDB9E3 /* Base */,
				3FFFFF7D206D2E8500DDB9E3 /* zh-Hant */,
			);
			name = about.storyboard;
			sourceTree = "<group>";
		};
		3FFFFF492069450000DDB9E3 /* discover.storyboard */ = {
			isa = PBXVariantGroup;
			children = (
				3FFFFF4A2069450000DDB9E3 /* Base */,
				3FFFFF7C206D2E8500DDB9E3 /* zh-Hant */,
			);
			name = discover.storyboard;
			sourceTree = "<group>";
		};
		3FFFFF75206D2E8300DDB9E3 /* Localizable.strings */ = {
			isa = PBXVariantGroup;
			children = (
				3FFFFF74206D2E8300DDB9E3 /* zh-Hant */,
			);
			name = Localizable.strings;
			sourceTree = "<group>";
		};
		3FFFFF7A206D2E8400DDB9E3 /* InfoPlist.strings */ = {
			isa = PBXVariantGroup;
			children = (
				3FFFFF79206D2E8400DDB9E3 /* zh-Hant */,
			);
			name = InfoPlist.strings;
			sourceTree = "<group>";
		};
		3FFFFF83206D313500DDB9E3 /* aboutfoodpin.png */ = {
			isa = PBXVariantGroup;
			children = (
				3FFFFF82206D313500DDB9E3 /* Base */,
				3FFFFF84206D315600DDB9E3 /* zh-Hant */,
			);
			name = aboutfoodpin.png;
			sourceTree = "<group>";
		};
/* End PBXVariantGroup section */

/* Begin XCBuildConfiguration section */
		3F9640E1204A5780005DBCE9 /* Debug */ = {
			isa = XCBuildConfiguration;
			buildSettings = {
				ALWAYS_SEARCH_USER_PATHS = NO;
				CLANG_ANALYZER_NONNULL = YES;
				CLANG_ANALYZER_NUMBER_OBJECT_CONVERSION = YES_AGGRESSIVE;
				CLANG_CXX_LANGUAGE_STANDARD = "gnu++14";
				CLANG_CXX_LIBRARY = "libc++";
				CLANG_ENABLE_MODULES = YES;
				CLANG_ENABLE_OBJC_ARC = YES;
				CLANG_WARN_BLOCK_CAPTURE_AUTORELEASING = YES;
				CLANG_WARN_BOOL_CONVERSION = YES;
				CLANG_WARN_COMMA = YES;
				CLANG_WARN_CONSTANT_CONVERSION = YES;
				CLANG_WARN_DIRECT_OBJC_ISA_USAGE = YES_ERROR;
				CLANG_WARN_DOCUMENTATION_COMMENTS = YES;
				CLANG_WARN_EMPTY_BODY = YES;
				CLANG_WARN_ENUM_CONVERSION = YES;
				CLANG_WARN_INFINITE_RECURSION = YES;
				CLANG_WARN_INT_CONVERSION = YES;
				CLANG_WARN_NON_LITERAL_NULL_CONVERSION = YES;
				CLANG_WARN_OBJC_LITERAL_CONVERSION = YES;
				CLANG_WARN_OBJC_ROOT_CLASS = YES_ERROR;
				CLANG_WARN_RANGE_LOOP_ANALYSIS = YES;
				CLANG_WARN_STRICT_PROTOTYPES = YES;
				CLANG_WARN_SUSPICIOUS_MOVE = YES;
				CLANG_WARN_UNGUARDED_AVAILABILITY = YES_AGGRESSIVE;
				CLANG_WARN_UNREACHABLE_CODE = YES;
				CLANG_WARN__DUPLICATE_METHOD_MATCH = YES;
				CODE_SIGN_IDENTITY = "iPhone Developer";
				COPY_PHASE_STRIP = NO;
				DEBUG_INFORMATION_FORMAT = dwarf;
				ENABLE_STRICT_OBJC_MSGSEND = YES;
				ENABLE_TESTABILITY = YES;
				GCC_C_LANGUAGE_STANDARD = gnu11;
				GCC_DYNAMIC_NO_PIC = NO;
				GCC_NO_COMMON_BLOCKS = YES;
				GCC_OPTIMIZATION_LEVEL = 0;
				GCC_PREPROCESSOR_DEFINITIONS = (
					"DEBUG=1",
					"$(inherited)",
				);
				GCC_WARN_64_TO_32_BIT_CONVERSION = YES;
				GCC_WARN_ABOUT_RETURN_TYPE = YES_ERROR;
				GCC_WARN_UNDECLARED_SELECTOR = YES;
				GCC_WARN_UNINITIALIZED_AUTOS = YES_AGGRESSIVE;
				GCC_WARN_UNUSED_FUNCTION = YES;
				GCC_WARN_UNUSED_VARIABLE = YES;
				IPHONEOS_DEPLOYMENT_TARGET = 11.2;
				MTL_ENABLE_DEBUG_INFO = YES;
				ONLY_ACTIVE_ARCH = YES;
				SDKROOT = iphoneos;
				SWIFT_ACTIVE_COMPILATION_CONDITIONS = DEBUG;
				SWIFT_OPTIMIZATION_LEVEL = "-Onone";
			};
			name = Debug;
		};
		3F9640E2204A5780005DBCE9 /* Release */ = {
			isa = XCBuildConfiguration;
			buildSettings = {
				ALWAYS_SEARCH_USER_PATHS = NO;
				CLANG_ANALYZER_NONNULL = YES;
				CLANG_ANALYZER_NUMBER_OBJECT_CONVERSION = YES_AGGRESSIVE;
				CLANG_CXX_LANGUAGE_STANDARD = "gnu++14";
				CLANG_CXX_LIBRARY = "libc++";
				CLANG_ENABLE_MODULES = YES;
				CLANG_ENABLE_OBJC_ARC = YES;
				CLANG_WARN_BLOCK_CAPTURE_AUTORELEASING = YES;
				CLANG_WARN_BOOL_CONVERSION = YES;
				CLANG_WARN_COMMA = YES;
				CLANG_WARN_CONSTANT_CONVERSION = YES;
				CLANG_WARN_DIRECT_OBJC_ISA_USAGE = YES_ERROR;
				CLANG_WARN_DOCUMENTATION_COMMENTS = YES;
				CLANG_WARN_EMPTY_BODY = YES;
				CLANG_WARN_ENUM_CONVERSION = YES;
				CLANG_WARN_INFINITE_RECURSION = YES;
				CLANG_WARN_INT_CONVERSION = YES;
				CLANG_WARN_NON_LITERAL_NULL_CONVERSION = YES;
				CLANG_WARN_OBJC_LITERAL_CONVERSION = YES;
				CLANG_WARN_OBJC_ROOT_CLASS = YES_ERROR;
				CLANG_WARN_RANGE_LOOP_ANALYSIS = YES;
				CLANG_WARN_STRICT_PROTOTYPES = YES;
				CLANG_WARN_SUSPICIOUS_MOVE = YES;
				CLANG_WARN_UNGUARDED_AVAILABILITY = YES_AGGRESSIVE;
				CLANG_WARN_UNREACHABLE_CODE = YES;
				CLANG_WARN__DUPLICATE_METHOD_MATCH = YES;
				CODE_SIGN_IDENTITY = "iPhone Developer";
				COPY_PHASE_STRIP = NO;
				DEBUG_INFORMATION_FORMAT = "dwarf-with-dsym";
				ENABLE_NS_ASSERTIONS = NO;
				ENABLE_STRICT_OBJC_MSGSEND = YES;
				GCC_C_LANGUAGE_STANDARD = gnu11;
				GCC_NO_COMMON_BLOCKS = YES;
				GCC_WARN_64_TO_32_BIT_CONVERSION = YES;
				GCC_WARN_ABOUT_RETURN_TYPE = YES_ERROR;
				GCC_WARN_UNDECLARED_SELECTOR = YES;
				GCC_WARN_UNINITIALIZED_AUTOS = YES_AGGRESSIVE;
				GCC_WARN_UNUSED_FUNCTION = YES;
				GCC_WARN_UNUSED_VARIABLE = YES;
				IPHONEOS_DEPLOYMENT_TARGET = 11.2;
				MTL_ENABLE_DEBUG_INFO = NO;
				SDKROOT = iphoneos;
				SWIFT_OPTIMIZATION_LEVEL = "-Owholemodule";
				VALIDATE_PRODUCT = YES;
			};
			name = Release;
		};
		3F9640E4204A5780005DBCE9 /* Debug */ = {
			isa = XCBuildConfiguration;
			buildSettings = {
				ASSETCATALOG_COMPILER_APPICON_NAME = AppIcon;
				CODE_SIGN_STYLE = Automatic;
				DEVELOPMENT_TEAM = 8D58TTN334;
				INFOPLIST_FILE = FoodPin/Info.plist;
				LD_RUNPATH_SEARCH_PATHS = "$(inherited) @executable_path/Frameworks";
				PRODUCT_BUNDLE_IDENTIFIER = com.blogspot.codingonmac.FoodPin;
				PRODUCT_NAME = "$(TARGET_NAME)";
				SWIFT_VERSION = 4.0;
				TARGETED_DEVICE_FAMILY = "1,2";
			};
			name = Debug;
		};
		3F9640E5204A5780005DBCE9 /* Release */ = {
			isa = XCBuildConfiguration;
			buildSettings = {
				ASSETCATALOG_COMPILER_APPICON_NAME = AppIcon;
				CODE_SIGN_STYLE = Automatic;
				DEVELOPMENT_TEAM = 8D58TTN334;
				INFOPLIST_FILE = FoodPin/Info.plist;
				LD_RUNPATH_SEARCH_PATHS = "$(inherited) @executable_path/Frameworks";
				PRODUCT_BUNDLE_IDENTIFIER = com.blogspot.codingonmac.FoodPin;
				PRODUCT_NAME = "$(TARGET_NAME)";
				SWIFT_VERSION = 4.0;
				TARGETED_DEVICE_FAMILY = "1,2";
			};
			name = Release;
		};
/* End XCBuildConfiguration section */

/* Begin XCConfigurationList section */
		3F9640CC204A5780005DBCE9 /* Build configuration list for PBXProject "FoodPin" */ = {
			isa = XCConfigurationList;
			buildConfigurations = (
				3F9640E1204A5780005DBCE9 /* Debug */,
				3F9640E2204A5780005DBCE9 /* Release */,
			);
			defaultConfigurationIsVisible = 0;
			defaultConfigurationName = Release;
		};
		3F9640E3204A5780005DBCE9 /* Build configuration list for PBXNativeTarget "FoodPin" */ = {
			isa = XCConfigurationList;
			buildConfigurations = (
				3F9640E4204A5780005DBCE9 /* Debug */,
				3F9640E5204A5780005DBCE9 /* Release */,
			);
			defaultConfigurationIsVisible = 0;
			defaultConfigurationName = Release;
		};
/* End XCConfigurationList section */
	};
	rootObject = 3F9640C9204A5780005DBCE9 /* Project object */;
}
